PODS:
  - Amplitude (8.16.1):
    - AnalyticsConnector (~> 1.0.0)
  - amplitude_flutter (0.0.1):
    - Amplitude (= 8.16.1)
    - Flutter
  - AnalyticsConnector (1.0.3)
  - Flutter (1.0.0)

DEPENDENCIES:
  - amplitude_flutter (from `.symlinks/plugins/amplitude_flutter/ios`)
  - Flutter (from `Flutter`)

SPEC REPOS:
  trunk:
    - Amplitude
    - AnalyticsConnector

EXTERNAL SOURCES:
  amplitude_flutter:
    :path: ".symlinks/plugins/amplitude_flutter/ios"
  Flutter:
    :path: Flutter

SPEC CHECKSUMS:
  Amplitude: fe18b3bbd880f2d9174b8109b79a77cd67687e2d
  amplitude_flutter: 6216e64320d2dbe4e5be2764381d93280499211f
  AnalyticsConnector: a53214d38ae22734c6266106c0492b37832633a9
  Flutter: e0871f40cf51350855a761d2e70bf5af5b9b5de7

PODFILE CHECKSUM: 819463e6a0290f5a72f145ba7cde16e8b6ef0796

COCOAPODS: 1.15.0
